// !$*UTF8*$!
{
	archiveVersion = 1;
	classes = {
	};
	objectVersion = 46;
	objects = {

/* Begin PBXBuildFile section */
		33635C771D8E407F0060170A /* main.m in Sources */ = {isa = PBXBuildFile; fileRef = 33635C761D8E407F0060170A /* main.m */; };
		33635C7A1D8E407F0060170A /* AppDelegate.m in Sources */ = {isa = PBXBuildFile; fileRef = 33635C791D8E407F0060170A /* AppDelegate.m */; };
		33635C7D1D8E407F0060170A /* ViewController.m in Sources */ = {isa = PBXBuildFile; fileRef = 33635C7C1D8E407F0060170A /* ViewController.m */; };
		33635C801D8E407F0060170A /* Main.storyboard in Resources */ = {isa = PBXBuildFile; fileRef = 33635C7E1D8E407F0060170A /* Main.storyboard */; };
		33635C821D8E407F0060170A /* Assets.xcassets in Resources */ = {isa = PBXBuildFile; fileRef = 33635C811D8E407F0060170A /* Assets.xcassets */; };
		33635C851D8E407F0060170A /* LaunchScreen.storyboard in Resources */ = {isa = PBXBuildFile; fileRef = 33635C831D8E407F0060170A /* LaunchScreen.storyboard */; };
		33635C901D8E407F0060170A /* DSAnimationDemoTests.m in Sources */ = {isa = PBXBuildFile; fileRef = 33635C8F1D8E407F0060170A /* DSAnimationDemoTests.m */; };
		33635C9B1D8E407F0060170A /* DSAnimationDemoUITests.m in Sources */ = {isa = PBXBuildFile; fileRef = 33635C9A1D8E407F0060170A /* DSAnimationDemoUITests.m */; };
		33635CAD1D8E40E00060170A /* BaseViewController.m in Sources */ = {isa = PBXBuildFile; fileRef = 33635CAA1D8E40E00060170A /* BaseViewController.m */; };
		33635CAE1D8E40E00060170A /* RootViewController.m in Sources */ = {isa = PBXBuildFile; fileRef = 33635CAC1D8E40E00060170A /* RootViewController.m */; };
		33635CB11D8E42460060170A /* BasicAnimationViewController.m in Sources */ = {isa = PBXBuildFile; fileRef = 33635CB01D8E42460060170A /* BasicAnimationViewController.m */; };
/* End PBXBuildFile section */

/* Begin PBXContainerItemProxy section */
		33635C8C1D8E407F0060170A /* PBXContainerItemProxy */ = {
			isa = PBXContainerItemProxy;
			containerPortal = 33635C6A1D8E407F0060170A /* Project object */;
			proxyType = 1;
			remoteGlobalIDString = 33635C711D8E407F0060170A;
			remoteInfo = DSAnimationDemo;
		};
		33635C971D8E407F0060170A /* PBXContainerItemProxy */ = {
			isa = PBXContainerItemProxy;
			containerPortal = 33635C6A1D8E407F0060170A /* Project object */;
			proxyType = 1;
			remoteGlobalIDString = 33635C711D8E407F0060170A;
			remoteInfo = DSAnimationDemo;
		};
/* End PBXContainerItemProxy section */

/* Begin PBXFileReference section */
		33635C721D8E407F0060170A /* DSAnimationDemo.app */ = {isa = PBXFileReference; explicitFileType = wrapper.application; includeInIndex = 0; path = DSAnimationDemo.app; sourceTree = BUILT_PRODUCTS_DIR; };
		33635C761D8E407F0060170A /* main.m */ = {isa = PBXFileReference; lastKnownFileType = sourcecode.c.objc; path = main.m; sourceTree = "<group>"; };
		33635C781D8E407F0060170A /* AppDelegate.h */ = {isa = PBXFileReference; lastKnownFileType = sourcecode.c.h; path = AppDelegate.h; sourceTree = "<group>"; };
		33635C791D8E407F0060170A /* AppDelegate.m */ = {isa = PBXFileReference; lastKnownFileType = sourcecode.c.objc; path = AppDelegate.m; sourceTree = "<group>"; };
		33635C7B1D8E407F0060170A /* ViewController.h */ = {isa = PBXFileReference; lastKnownFileType = sourcecode.c.h; path = ViewController.h; sourceTree = "<group>"; };
		33635C7C1D8E407F0060170A /* ViewController.m */ = {isa = PBXFileReference; lastKnownFileType = sourcecode.c.objc; path = ViewController.m; sourceTree = "<group>"; };
		33635C7F1D8E407F0060170A /* Base */ = {isa = PBXFileReference; lastKnownFileType = file.storyboard; name = Base; path = Base.lproj/Main.storyboard; sourceTree = "<group>"; };
		33635C811D8E407F0060170A /* Assets.xcassets */ = {isa = PBXFileReference; lastKnownFileType = folder.assetcatalog; path = Assets.xcassets; sourceTree = "<group>"; };
		33635C841D8E407F0060170A /* Base */ = {isa = PBXFileReference; lastKnownFileType = file.storyboard; name = Base; path = Base.lproj/LaunchScreen.storyboard; sourceTree = "<group>"; };
		33635C861D8E407F0060170A /* Info.plist */ = {isa = PBXFileReference; lastKnownFileType = text.plist.xml; path = Info.plist; sourceTree = "<group>"; };
		33635C8B1D8E407F0060170A /* DSAnimationDemoTests.xctest */ = {isa = PBXFileReference; explicitFileType = wrapper.cfbundle; includeInIndex = 0; path = DSAnimationDemoTests.xctest; sourceTree = BUILT_PRODUCTS_DIR; };
		33635C8F1D8E407F0060170A /* DSAnimationDemoTests.m */ = {isa = PBXFileReference; lastKnownFileType = sourcecode.c.objc; path = DSAnimationDemoTests.m; sourceTree = "<group>"; };
		33635C911D8E407F0060170A /* Info.plist */ = {isa = PBXFileReference; lastKnownFileType = text.plist.xml; path = Info.plist; sourceTree = "<group>"; };
		33635C961D8E407F0060170A /* DSAnimationDemoUITests.xctest */ = {isa = PBXFileReference; explicitFileType = wrapper.cfbundle; includeInIndex = 0; path = DSAnimationDemoUITests.xctest; sourceTree = BUILT_PRODUCTS_DIR; };
		33635C9A1D8E407F0060170A /* DSAnimationDemoUITests.m */ = {isa = PBXFileReference; lastKnownFileType = sourcecode.c.objc; path = DSAnimationDemoUITests.m; sourceTree = "<group>"; };
		33635C9C1D8E407F0060170A /* Info.plist */ = {isa = PBXFileReference; lastKnownFileType = text.plist.xml; path = Info.plist; sourceTree = "<group>"; };
		33635CA91D8E40E00060170A /* BaseViewController.h */ = {isa = PBXFileReference; fileEncoding = 4; lastKnownFileType = sourcecode.c.h; path = BaseViewController.h; sourceTree = "<group>"; };
		33635CAA1D8E40E00060170A /* BaseViewController.m */ = {isa = PBXFileReference; fileEncoding = 4; lastKnownFileType = sourcecode.c.objc; path = BaseViewController.m; sourceTree = "<group>"; };
		33635CAB1D8E40E00060170A /* RootViewController.h */ = {isa = PBXFileReference; fileEncoding = 4; lastKnownFileType = sourcecode.c.h; path = RootViewController.h; sourceTree = "<group>"; };
		33635CAC1D8E40E00060170A /* RootViewController.m */ = {isa = PBXFileReference; fileEncoding = 4; lastKnownFileType = sourcecode.c.objc; path = RootViewController.m; sourceTree = "<group>"; };
		33635CAF1D8E42460060170A /* BasicAnimationViewController.h */ = {isa = PBXFileReference; fileEncoding = 4; lastKnownFileType = sourcecode.c.h; path = BasicAnimationViewController.h; sourceTree = "<group>"; };
		33635CB01D8E42460060170A /* BasicAnimationViewController.m */ = {isa = PBXFileReference; fileEncoding = 4; lastKnownFileType = sourcecode.c.objc; path = BasicAnimationViewController.m; sourceTree = "<group>"; };
/* End PBXFileReference section */

/* Begin PBXFrameworksBuildPhase section */
		33635C6F1D8E407F0060170A /* Frameworks */ = {
			isa = PBXFrameworksBuildPhase;
			buildActionMask = 2147483647;
			files = (
			);
			runOnlyForDeploymentPostprocessing = 0;
		};
		33635C881D8E407F0060170A /* Frameworks */ = {
			isa = PBXFrameworksBuildPhase;
			buildActionMask = 2147483647;
			files = (
			);
			runOnlyForDeploymentPostprocessing = 0;
		};
		33635C931D8E407F0060170A /* Frameworks */ = {
			isa = PBXFrameworksBuildPhase;
			buildActionMask = 2147483647;
			files = (
			);
			runOnlyForDeploymentPostprocessing = 0;
		};
/* End PBXFrameworksBuildPhase section */

/* Begin PBXGroup section */
		33635C691D8E407F0060170A = {
			isa = PBXGroup;
			children = (
				33635C741D8E407F0060170A /* DSAnimationDemo */,
				33635C8E1D8E407F0060170A /* DSAnimationDemoTests */,
				33635C991D8E407F0060170A /* DSAnimationDemoUITests */,
				33635C731D8E407F0060170A /* Products */,
			);
			sourceTree = "<group>";
		};
		33635C731D8E407F0060170A /* Products */ = {
			isa = PBXGroup;
			children = (
				33635C721D8E407F0060170A /* DSAnimationDemo.app */,
				33635C8B1D8E407F0060170A /* DSAnimationDemoTests.xctest */,
				33635C961D8E407F0060170A /* DSAnimationDemoUITests.xctest */,
			);
			name = Products;
			sourceTree = "<group>";
		};
		33635C741D8E407F0060170A /* DSAnimationDemo */ = {
			isa = PBXGroup;
			children = (
				33635CA81D8E40E00060170A /* Controller */,
				33635C781D8E407F0060170A /* AppDelegate.h */,
				33635C791D8E407F0060170A /* AppDelegate.m */,
				33635C7B1D8E407F0060170A /* ViewController.h */,
				33635C7C1D8E407F0060170A /* ViewController.m */,
				33635C7E1D8E407F0060170A /* Main.storyboard */,
				33635C811D8E407F0060170A /* Assets.xcassets */,
				33635C831D8E407F0060170A /* LaunchScreen.storyboard */,
				33635C861D8E407F0060170A /* Info.plist */,
				33635C751D8E407F0060170A /* Supporting Files */,
			);
			path = DSAnimationDemo;
			sourceTree = "<group>";
		};
		33635C751D8E407F0060170A /* Supporting Files */ = {
			isa = PBXGroup;
			children = (
				33635C761D8E407F0060170A /* main.m */,
			);
			name = "Supporting Files";
			sourceTree = "<group>";
		};
		33635C8E1D8E407F0060170A /* DSAnimationDemoTests */ = {
			isa = PBXGroup;
			children = (
				33635C8F1D8E407F0060170A /* DSAnimationDemoTests.m */,
				33635C911D8E407F0060170A /* Info.plist */,
			);
			path = DSAnimationDemoTests;
			sourceTree = "<group>";
		};
		33635C991D8E407F0060170A /* DSAnimationDemoUITests */ = {
			isa = PBXGroup;
			children = (
				33635C9A1D8E407F0060170A /* DSAnimationDemoUITests.m */,
				33635C9C1D8E407F0060170A /* Info.plist */,
			);
			path = DSAnimationDemoUITests;
			sourceTree = "<group>";
		};
		33635CA81D8E40E00060170A /* Controller */ = {
			isa = PBXGroup;
			children = (
				33635CA91D8E40E00060170A /* BaseViewController.h */,
				33635CAA1D8E40E00060170A /* BaseViewController.m */,
				33635CAB1D8E40E00060170A /* RootViewController.h */,
				33635CAC1D8E40E00060170A /* RootViewController.m */,
				33635CAF1D8E42460060170A /* BasicAnimationViewController.h */,
				33635CB01D8E42460060170A /* BasicAnimationViewController.m */,
			);
			path = Controller;
			sourceTree = "<group>";
		};
/* End PBXGroup section */

/* Begin PBXNativeTarget section */
		33635C711D8E407F0060170A /* DSAnimationDemo */ = {
			isa = PBXNativeTarget;
			buildConfigurationList = 33635C9F1D8E407F0060170A /* Build configuration list for PBXNativeTarget "DSAnimationDemo" */;
			buildPhases = (
				33635C6E1D8E407F0060170A /* Sources */,
				33635C6F1D8E407F0060170A /* Frameworks */,
				33635C701D8E407F0060170A /* Resources */,
			);
			buildRules = (
			);
			dependencies = (
			);
			name = DSAnimationDemo;
			productName = DSAnimationDemo;
			productReference = 33635C721D8E407F0060170A /* DSAnimationDemo.app */;
			productType = "com.apple.product-type.application";
		};
		33635C8A1D8E407F0060170A /* DSAnimationDemoTests */ = {
			isa = PBXNativeTarget;
			buildConfigurationList = 33635CA21D8E407F0060170A /* Build configuration list for PBXNativeTarget "DSAnimationDemoTests" */;
			buildPhases = (
				33635C871D8E407F0060170A /* Sources */,
				33635C881D8E407F0060170A /* Frameworks */,
				33635C891D8E407F0060170A /* Resources */,
			);
			buildRules = (
			);
			dependencies = (
				33635C8D1D8E407F0060170A /* PBXTargetDependency */,
			);
			name = DSAnimationDemoTests;
			productName = DSAnimationDemoTests;
			productReference = 33635C8B1D8E407F0060170A /* DSAnimationDemoTests.xctest */;
			productType = "com.apple.product-type.bundle.unit-test";
		};
		33635C951D8E407F0060170A /* DSAnimationDemoUITests */ = {
			isa = PBXNativeTarget;
			buildConfigurationList = 33635CA51D8E407F0060170A /* Build configuration list for PBXNativeTarget "DSAnimationDemoUITests" */;
			buildPhases = (
				33635C921D8E407F0060170A /* Sources */,
				33635C931D8E407F0060170A /* Frameworks */,
				33635C941D8E407F0060170A /* Resources */,
			);
			buildRules = (
			);
			dependencies = (
				33635C981D8E407F0060170A /* PBXTargetDependency */,
			);
			name = DSAnimationDemoUITests;
			productName = DSAnimationDemoUITests;
			productReference = 33635C961D8E407F0060170A /* DSAnimationDemoUITests.xctest */;
			productType = "com.apple.product-type.bundle.ui-testing";
		};
/* End PBXNativeTarget section */

/* Begin PBXProject section */
		33635C6A1D8E407F0060170A /* Project object */ = {
			isa = PBXProject;
			attributes = {
				LastUpgradeCheck = 0730;
				ORGANIZATIONNAME = "齐滇大圣";
				TargetAttributes = {
					33635C711D8E407F0060170A = {
						CreatedOnToolsVersion = 7.3.1;
					};
					33635C8A1D8E407F0060170A = {
						CreatedOnToolsVersion = 7.3.1;
						TestTargetID = 33635C711D8E407F0060170A;
					};
					33635C951D8E407F0060170A = {
						CreatedOnToolsVersion = 7.3.1;
						TestTargetID = 33635C711D8E407F0060170A;
					};
				};
			};
			buildConfigurationList = 33635C6D1D8E407F0060170A /* Build configuration list for PBXProject "DSAnimationDemo" */;
			compatibilityVersion = "Xcode 3.2";
			developmentRegion = English;
			hasScannedForEncodings = 0;
			knownRegions = (
				en,
				Base,
			);
			mainGroup = 33635C691D8E407F0060170A;
			productRefGroup = 33635C731D8E407F0060170A /* Products */;
			projectDirPath = "";
			projectRoot = "";
			targets = (
				33635C711D8E407F0060170A /* DSAnimationDemo */,
				33635C8A1D8E407F0060170A /* DSAnimationDemoTests */,
				33635C951D8E407F0060170A /* DSAnimationDemoUITests */,
			);
		};
/* End PBXProject section */

/* Begin PBXResourcesBuildPhase section */
		33635C701D8E407F0060170A /* Resources */ = {
			isa = PBXResourcesBuildPhase;
			buildActionMask = 2147483647;
			files = (
				33635C851D8E407F0060170A /* LaunchScreen.storyboard in Resources */,
				33635C821D8E407F0060170A /* Assets.xcassets in Resources */,
				33635C801D8E407F0060170A /* Main.storyboard in Resources */,
			);
			runOnlyForDeploymentPostprocessing = 0;
		};
		33635C891D8E407F0060170A /* Resources */ = {
			isa = PBXResourcesBuildPhase;
			buildActionMask = 2147483647;
			files = (
			);
			runOnlyForDeploymentPostprocessing = 0;
		};
		33635C941D8E407F0060170A /* Resources */ = {
			isa = PBXResourcesBuildPhase;
			buildActionMask = 2147483647;
			files = (
			);
			runOnlyForDeploymentPostprocessing = 0;
		};
/* End PBXResourcesBuildPhase section */

/* Begin PBXSourcesBuildPhase section */
		33635C6E1D8E407F0060170A /* Sources */ = {
			isa = PBXSourcesBuildPhase;
			buildActionMask = 2147483647;
			files = (
				33635CB11D8E42460060170A /* BasicAnimationViewController.m in Sources */,
				33635C7D1D8E407F0060170A /* ViewController.m in Sources */,
				33635CAD1D8E40E00060170A /* BaseViewController.m in Sources */,
				33635C7A1D8E407F0060170A /* AppDelegate.m in Sources */,
				33635C771D8E407F0060170A /* main.m in Sources */,
				33635CAE1D8E40E00060170A /* RootViewController.m in Sources */,
			);
			runOnlyForDeploymentPostprocessing = 0;
		};
		33635C871D8E407F0060170A /* Sources */ = {
			isa = PBXSourcesBuildPhase;
			buildActionMask = 2147483647;
			files = (
				33635C901D8E407F0060170A /* DSAnimationDemoTests.m in Sources */,
			);
			runOnlyForDeploymentPostprocessing = 0;
		};
		33635C921D8E407F0060170A /* Sources */ = {
			isa = PBXSourcesBuildPhase;
			buildActionMask = 2147483647;
			files = (
				33635C9B1D8E407F0060170A /* DSAnimationDemoUITests.m in Sources */,
			);
			runOnlyForDeploymentPostprocessing = 0;
		};
/* End PBXSourcesBuildPhase section */

/* Begin PBXTargetDependency section */
		33635C8D1D8E407F0060170A /* PBXTargetDependency */ = {
			isa = PBXTargetDependency;
			target = 33635C711D8E407F0060170A /* DSAnimationDemo */;
			targetProxy = 33635C8C1D8E407F0060170A /* PBXContainerItemProxy */;
		};
		33635C981D8E407F0060170A /* PBXTargetDependency */ = {
			isa = PBXTargetDependency;
			target = 33635C711D8E407F0060170A /* DSAnimationDemo */;
			targetProxy = 33635C971D8E407F0060170A /* PBXContainerItemProxy */;
		};
/* End PBXTargetDependency section */

/* Begin PBXVariantGroup section */
		33635C7E1D8E407F0060170A /* Main.storyboard */ = {
			isa = PBXVariantGroup;
			children = (
				33635C7F1D8E407F0060170A /* Base */,
			);
			name = Main.storyboard;
			sourceTree = "<group>";
		};
		33635C831D8E407F0060170A /* LaunchScreen.storyboard */ = {
			isa = PBXVariantGroup;
			children = (
				33635C841D8E407F0060170A /* Base */,
			);
			name = LaunchScreen.storyboard;
			sourceTree = "<group>";
		};
/* End PBXVariantGroup section */

/* Begin XCBuildConfiguration section */
		33635C9D1D8E407F0060170A /* Debug */ = {
			isa = XCBuildConfiguration;
			buildSettings = {
				ALWAYS_SEARCH_USER_PATHS = NO;
				CLANG_ANALYZER_NONNULL = YES;
				CLANG_CXX_LANGUAGE_STANDARD = "gnu++0x";
				CLANG_CXX_LIBRARY = "libc++";
				CLANG_ENABLE_MODULES = YES;
				CLANG_ENABLE_OBJC_ARC = YES;
				CLANG_WARN_BOOL_CONVERSION = YES;
				CLANG_WARN_CONSTANT_CONVERSION = YES;
				CLANG_WARN_DIRECT_OBJC_ISA_USAGE = YES_ERROR;
				CLANG_WARN_EMPTY_BODY = YES;
				CLANG_WARN_ENUM_CONVERSION = YES;
				CLANG_WARN_INT_CONVERSION = YES;
				CLANG_WARN_OBJC_ROOT_CLASS = YES_ERROR;
				CLANG_WARN_UNREACHABLE_CODE = YES;
				CLANG_WARN__DUPLICATE_METHOD_MATCH = YES;
				"CODE_SIGN_IDENTITY[sdk=iphoneos*]" = "iPhone Developer";
				COPY_PHASE_STRIP = NO;
				DEBUG_INFORMATION_FORMAT = dwarf;
				ENABLE_STRICT_OBJC_MSGSEND = YES;
				ENABLE_TESTABILITY = YES;
				GCC_C_LANGUAGE_STANDARD = gnu99;
				GCC_DYNAMIC_NO_PIC = NO;
				GCC_NO_COMMON_BLOCKS = YES;
				GCC_OPTIMIZATION_LEVEL = 0;
				GCC_PREPROCESSOR_DEFINITIONS = (
					"DEBUG=1",
					"$(inherited)",
				);
				GCC_WARN_64_TO_32_BIT_CONVERSION = YES;
				GCC_WARN_ABOUT_RETURN_TYPE = YES_ERROR;
				GCC_WARN_UNDECLARED_SELECTOR = YES;
				GCC_WARN_UNINITIALIZED_AUTOS = YES_AGGRESSIVE;
				GCC_WARN_UNUSED_FUNCTION = YES;
				GCC_WARN_UNUSED_VARIABLE = YES;
				IPHONEOS_DEPLOYMENT_TARGET = 9.3;
				MTL_ENABLE_DEBUG_INFO = YES;
				ONLY_ACTIVE_ARCH = YES;
				SDKROOT = iphoneos;
				TARGETED_DEVICE_FAMILY = "1,2";
			};
			name = Debug;
		};
		33635C9E1D8E407F0060170A /* Release */ = {
			isa = XCBuildConfiguration;
			buildSettings = {
				ALWAYS_SEARCH_USER_PATHS = NO;
				CLANG_ANALYZER_NONNULL = YES;
				CLANG_CXX_LANGUAGE_STANDARD = "gnu++0x";
				CLANG_CXX_LIBRARY = "libc++";
				CLANG_ENABLE_MODULES = YES;
				CLANG_ENABLE_OBJC_ARC = YES;
				CLANG_WARN_BOOL_CONVERSION = YES;
				CLANG_WARN_CONSTANT_CONVERSION = YES;
				CLANG_WARN_DIRECT_OBJC_ISA_USAGE = YES_ERROR;
				CLANG_WARN_EMPTY_BODY = YES;
				CLANG_WARN_ENUM_CONVERSION = YES;
				CLANG_WARN_INT_CONVERSION = YES;
				CLANG_WARN_OBJC_ROOT_CLASS = YES_ERROR;
				CLANG_WARN_UNREACHABLE_CODE = YES;
				CLANG_WARN__DUPLICATE_METHOD_MATCH = YES;
				"CODE_SIGN_IDENTITY[sdk=iphoneos*]" = "iPhone Developer";
				COPY_PHASE_STRIP = NO;
				DEBUG_INFORMATION_FORMAT = "dwarf-with-dsym";
				ENABLE_NS_ASSERTIONS = NO;
				ENABLE_STRICT_OBJC_MSGSEND = YES;
				GCC_C_LANGUAGE_STANDARD = gnu99;
				GCC_NO_COMMON_BLOCKS = YES;
				GCC_WARN_64_TO_32_BIT_CONVERSION = YES;
				GCC_WARN_ABOUT_RETURN_TYPE = YES_ERROR;
				GCC_WARN_UNDECLARED_SELECTOR = YES;
				GCC_WARN_UNINITIALIZED_AUTOS = YES_AGGRESSIVE;
				GCC_WARN_UNUSED_FUNCTION = YES;
				GCC_WARN_UNUSED_VARIABLE = YES;
				IPHONEOS_DEPLOYMENT_TARGET = 9.3;
				MTL_ENABLE_DEBUG_INFO = NO;
				SDKROOT = iphoneos;
				TARGETED_DEVICE_FAMILY = "1,2";
				VALIDATE_PRODUCT = YES;
			};
			name = Release;
		};
		33635CA01D8E407F0060170A /* Debug */ = {
			isa = XCBuildConfiguration;
			buildSettings = {
				ASSETCATALOG_COMPILER_APPICON_NAME = AppIcon;
				INFOPLIST_FILE = DSAnimationDemo/Info.plist;
				LD_RUNPATH_SEARCH_PATHS = "$(inherited) @executable_path/Frameworks";
				PRODUCT_BUNDLE_IDENTIFIER = com.123.com.DSAnimationDemo;
				PRODUCT_NAME = "$(TARGET_NAME)";
			};
			name = Debug;
		};
		33635CA11D8E407F0060170A /* Release */ = {
			isa = XCBuildConfiguration;
			buildSettings = {
				ASSETCATALOG_COMPILER_APPICON_NAME = AppIcon;
				INFOPLIST_FILE = DSAnimationDemo/Info.plist;
				LD_RUNPATH_SEARCH_PATHS = "$(inherited) @executable_path/Frameworks";
				PRODUCT_BUNDLE_IDENTIFIER = com.123.com.DSAnimationDemo;
				PRODUCT_NAME = "$(TARGET_NAME)";
			};
			name = Release;
		};
		33635CA31D8E407F0060170A /* Debug */ = {
			isa = XCBuildConfiguration;
			buildSettings = {
				BUNDLE_LOADER = "$(TEST_HOST)";
				INFOPLIST_FILE = DSAnimationDemoTests/Info.plist;
				LD_RUNPATH_SEARCH_PATHS = "$(inherited) @executable_path/Frameworks @loader_path/Frameworks";
				PRODUCT_BUNDLE_IDENTIFIER = com.123.com.DSAnimationDemoTests;
				PRODUCT_NAME = "$(TARGET_NAME)";
				TEST_HOST = "$(BUILT_PRODUCTS_DIR)/DSAnimationDemo.app/DSAnimationDemo";
			};
			name = Debug;
		};
		33635CA41D8E407F0060170A /* Release */ = {
			isa = XCBuildConfiguration;
			buildSettings = {
				BUNDLE_LOADER = "$(TEST_HOST)";
				INFOPLIST_FILE = DSAnimationDemoTests/Info.plist;
				LD_RUNPATH_SEARCH_PATHS = "$(inherited) @executable_path/Frameworks @loader_path/Frameworks";
				PRODUCT_BUNDLE_IDENTIFIER = com.123.com.DSAnimationDemoTests;
				PRODUCT_NAME = "$(TARGET_NAME)";
				TEST_HOST = "$(BUILT_PRODUCTS_DIR)/DSAnimationDemo.app/DSAnimationDemo";
			};
			name = Release;
		};
		33635CA61D8E407F0060170A /* Debug */ = {
			isa = XCBuildConfiguration;
			buildSettings = {
				INFOPLIST_FILE = DSAnimationDemoUITests/Info.plist;
				LD_RUNPATH_SEARCH_PATHS = "$(inherited) @executable_path/Frameworks @loader_path/Frameworks";
				PRODUCT_BUNDLE_IDENTIFIER = com.123.com.DSAnimationDemoUITests;
				PRODUCT_NAME = "$(TARGET_NAME)";
				TEST_TARGET_NAME = DSAnimationDemo;
			};
			name = Debug;
		};
		33635CA71D8E407F0060170A /* Release */ = {
			isa = XCBuildConfiguration;
			buildSettings = {
				INFOPLIST_FILE = DSAnimationDemoUITests/Info.plist;
				LD_RUNPATH_SEARCH_PATHS = "$(inherited) @executable_path/Frameworks @loader_path/Frameworks";
				PRODUCT_BUNDLE_IDENTIFIER = com.123.com.DSAnimationDemoUITests;
				PRODUCT_NAME = "$(TARGET_NAME)";
				TEST_TARGET_NAME = DSAnimationDemo;
			};
			name = Release;
		};
/* End XCBuildConfiguration section */

/* Begin XCConfigurationList section */
		33635C6D1D8E407F0060170A /* Build configuration list for PBXProject "DSAnimationDemo" */ = {
			isa = XCConfigurationList;
			buildConfigurations = (
				33635C9D1D8E407F0060170A /* Debug */,
				33635C9E1D8E407F0060170A /* Release */,
			);
			defaultConfigurationIsVisible = 0;
			defaultConfigurationName = Release;
		};
		33635C9F1D8E407F0060170A /* Build configuration list for PBXNativeTarget "DSAnimationDemo" */ = {
			isa = XCConfigurationList;
			buildConfigurations = (
				33635CA01D8E407F0060170A /* Debug */,
				33635CA11D8E407F0060170A /* Release */,
			);
			defaultConfigurationIsVisible = 0;
		};
		33635CA21D8E407F0060170A /* Build configuration list for PBXNativeTarget "DSAnimationDemoTests" */ = {
			isa = XCConfigurationList;
			buildConfigurations = (
				33635CA31D8E407F0060170A /* Debug */,
				33635CA41D8E407F0060170A /* Release */,
			);
			defaultConfigurationIsVisible = 0;
		};
		33635CA51D8E407F0060170A /* Build configuration list for PBXNativeTarget "DSAnimationDemoUITests" */ = {
			isa = XCConfigurationList;
			buildConfigurations = (
				33635CA61D8E407F0060170A /* Debug */,
				33635CA71D8E407F0060170A /* Release */,
			);
			defaultConfigurationIsVisible = 0;
		};
/* End XCConfigurationList section */
	};
	rootObject = 33635C6A1D8E407F0060170A /* Project object */;
}
